
Microsoft Visual Studio Solution File, Format Version 12.00
# Visual Studio Version 17
VisualStudioVersion = 17.14.36408.4
MinimumVisualStudioVersion = 10.0.40219.1
Project("{FAE04EC0-301F-11D3-BF4B-00C04F79EFBC}") = "BlogApi", "BlogApi\BlogApi.csproj", "{BFAC8815-0471-4C39-A2B4-0EE9F15FDED6}"
EndProject
Project("{FAE04EC0-301F-11D3-BF4B-00C04F79EFBC}") = "BlogApi.Tests", "BlogApi.Tests\BlogApi.Tests.csproj", "{992BAABF-7BB9-4DC6-BBD7-B84A10D9D96E}"
EndProject
Global
	GlobalSection(SolutionConfigurationPlatforms) = preSolution
		Debug|Any CPU = Debug|Any CPU
		Debug|x64 = Debug|x64
		Debug|x86 = Debug|x86
		Release|Any CPU = Release|Any CPU
		Release|x64 = Release|x64
		Release|x86 = Release|x86
	EndGlobalSection
	GlobalSection(ProjectConfigurationPlatforms) = postSolution
		{BFAC8815-0471-4C39-A2B4-0EE9F15FDED6}.Debug|Any CPU.ActiveCfg = Debug|Any CPU
		{BFAC8815-0471-4C39-A2B4-0EE9F15FDED6}.Debug|Any CPU.Build.0 = Debug|Any CPU
		{BFAC8815-0471-4C39-A2B4-0EE9F15FDED6}.Debug|x64.ActiveCfg = Debug|Any CPU
		{BFAC8815-0471-4C39-A2B4-0EE9F15FDED6}.Debug|x64.Build.0 = Debug|Any CPU
		{BFAC8815-0471-4C39-A2B4-0EE9F15FDED6}.Debug|x86.ActiveCfg = Debug|Any CPU
		{BFAC8815-0471-4C39-A2B4-0EE9F15FDED6}.Debug|x86.Build.0 = Debug|Any CPU
		{BFAC8815-0471-4C39-A2B4-0EE9F15FDED6}.Release|Any CPU.ActiveCfg = Release|Any CPU
		{BFAC8815-0471-4C39-A2B4-0EE9F15FDED6}.Release|Any CPU.Build.0 = Release|Any CPU
		{BFAC8815-0471-4C39-A2B4-0EE9F15FDED6}.Release|x64.ActiveCfg = Release|Any CPU
		{BFAC8815-0471-4C39-A2B4-0EE9F15FDED6}.Release|x64.Build.0 = Release|Any CPU
		{BFAC8815-0471-4C39-A2B4-0EE9F15FDED6}.Release|x86.ActiveCfg = Release|Any CPU
		{BFAC8815-0471-4C39-A2B4-0EE9F15FDED6}.Release|x86.Build.0 = Release|Any CPU
		{992BAABF-7BB9-4DC6-BBD7-B84A10D9D96E}.Debug|Any CPU.ActiveCfg = Debug|Any CPU
		{992BAABF-7BB9-4DC6-BBD7-B84A10D9D96E}.Debug|Any CPU.Build.0 = Debug|Any CPU
		{992BAABF-7BB9-4DC6-BBD7-B84A10D9D96E}.Debug|x64.ActiveCfg = Debug|Any CPU
		{992BAABF-7BB9-4DC6-BBD7-B84A10D9D96E}.Debug|x64.Build.0 = Debug|Any CPU
		{992BAABF-7BB9-4DC6-BBD7-B84A10D9D96E}.Debug|x86.ActiveCfg = Debug|Any CPU
		{992BAABF-7BB9-4DC6-BBD7-B84A10D9D96E}.Debug|x86.Build.0 = Debug|Any CPU
		{992BAABF-7BB9-4DC6-BBD7-B84A10D9D96E}.Release|Any CPU.ActiveCfg = Release|Any CPU
		{992BAABF-7BB9-4DC6-BBD7-B84A10D9D96E}.Release|Any CPU.Build.0 = Release|Any CPU
		{992BAABF-7BB9-4DC6-BBD7-B84A10D9D96E}.Release|x64.ActiveCfg = Release|Any CPU
		{992BAABF-7BB9-4DC6-BBD7-B84A10D9D96E}.Release|x64.Build.0 = Release|Any CPU
		{992BAABF-7BB9-4DC6-BBD7-B84A10D9D96E}.Release|x86.ActiveCfg = Release|Any CPU
		{992BAABF-7BB9-4DC6-BBD7-B84A10D9D96E}.Release|x86.Build.0 = Release|Any CPU
	EndGlobalSection
	GlobalSection(SolutionProperties) = preSolution
		HideSolutionNode = FALSE
	EndGlobalSection
	GlobalSection(ExtensibilityGlobals) = postSolution
		SolutionGuid = {10F215E9-88E8-4DFD-B7F1-D43309748D21}
	EndGlobalSection
EndGlobal
